# Generated by pub
# See https://dart.dev/tools/pub/glossary#lockfile
packages:
  string_validator:
    dependency: "direct main"
    description:
      name: string_validator
      sha256: a278d038104aa2df15d0e09c47cb39a49f907260732067d0034dc2f2e4e2ac94
      url: "https://pub.dev"
    source: hosted
    version: "1.1.0"
sdks:
  dart: ">=3.4.0 <4.0.0"
